Microsoft Visual Studio Solution File, Format Version 11.00
# Visual Studio 2008

Project("{EDE06FF5-CC57-C42D-5C64-8A568BF7FF97}") = "coffebreaker", "Assembly-CSharp.csproj", "{C46F4800-9384-5BDD-78C8-B30B457232CC}"
EndProject
Global
	GlobalSection(SolutionConfigurationPlatforms) = preSolution
		Debug|Any CPU = Debug|Any CPU
		Release|Any CPU = Release|Any CPU
	EndGlobalSection
	GlobalSection(ProjectConfigurationPlatforms) = postSolution
		{C46F4800-9384-5BDD-78C8-B30B457232CC}.Debug|Any CPU.ActiveCfg = Debug|Any CPU
		{C46F4800-9384-5BDD-78C8-B30B457232CC}.Debug|Any CPU.Build.0 = Debug|Any CPU
		{C46F4800-9384-5BDD-78C8-B30B457232CC}.Release|Any CPU.ActiveCfg = Release|Any CPU
		{C46F4800-9384-5BDD-78C8-B30B457232CC}.Release|Any CPU.Build.0 = Release|Any CPU
	EndGlobalSection
	GlobalSection(SolutionProperties) = preSolution
		HideSolutionNode = FALSE
	EndGlobalSection
	GlobalSection(MonoDevelopProperties) = preSolution
		StartupItem = Assembly-CSharp.csproj
	EndGlobalSection
EndGlobal
